// !$*UTF8*$!
{
	archiveVersion = 1;
	classes = {
	};
	objectVersion = 46;
	objects = {

/* Begin PBXBuildFile section */
		9B7A55FC1C4F667700E6FC01 /* AppDelegate.swift in Sources */ = {isa = PBXBuildFile; fileRef = 9B7A55FB1C4F667700E6FC01 /* AppDelegate.swift */; };
		9B7A55FE1C4F667700E6FC01 /* ViewController.swift in Sources */ = {isa = PBXBuildFile; fileRef = 9B7A55FD1C4F667700E6FC01 /* ViewController.swift */; };
		9B7A56031C4F667700E6FC01 /* Assets.xcassets in Resources */ = {isa = PBXBuildFile; fileRef = 9B7A56021C4F667700E6FC01 /* Assets.xcassets */; };
		9B7A56061C4F667700E6FC01 /* LaunchScreen.storyboard in Resources */ = {isa = PBXBuildFile; fileRef = 9B7A56041C4F667700E6FC01 /* LaunchScreen.storyboard */; };
		9B7A560E1C4F678400E6FC01 /* TSCountInteractorIO.swift in Sources */ = {isa = PBXBuildFile; fileRef = 9B7A560D1C4F678400E6FC01 /* TSCountInteractorIO.swift */; };
		9B7A56101C4F684B00E6FC01 /* TSCountInteractor.swift in Sources */ = {isa = PBXBuildFile; fileRef = 9B7A560F1C4F684B00E6FC01 /* TSCountInteractor.swift */; };
		9B7A56121C4F69CA00E6FC01 /* TSCountView.swift in Sources */ = {isa = PBXBuildFile; fileRef = 9B7A56111C4F69CA00E6FC01 /* TSCountView.swift */; };
		9B7A56141C4F6A4900E6FC01 /* TSCountPresenter.swift in Sources */ = {isa = PBXBuildFile; fileRef = 9B7A56131C4F6A4900E6FC01 /* TSCountPresenter.swift */; };
/* End PBXBuildFile section */

/* Begin PBXFileReference section */
		9B7A55F81C4F667600E6FC01 /* TSVIPER_Model.app */ = {isa = PBXFileReference; explicitFileType = wrapper.application; includeInIndex = 0; path = TSVIPER_Model.app; sourceTree = BUILT_PRODUCTS_DIR; };
		9B7A55FB1C4F667700E6FC01 /* AppDelegate.swift */ = {isa = PBXFileReference; lastKnownFileType = sourcecode.swift; path = AppDelegate.swift; sourceTree = "<group>"; };
		9B7A55FD1C4F667700E6FC01 /* ViewController.swift */ = {isa = PBXFileReference; lastKnownFileType = sourcecode.swift; path = ViewController.swift; sourceTree = "<group>"; };
		9B7A56021C4F667700E6FC01 /* Assets.xcassets */ = {isa = PBXFileReference; lastKnownFileType = folder.assetcatalog; path = Assets.xcassets; sourceTree = "<group>"; };
		9B7A56051C4F667700E6FC01 /* Base */ = {isa = PBXFileReference; lastKnownFileType = file.storyboard; name = Base; path = Base.lproj/LaunchScreen.storyboard; sourceTree = "<group>"; };
		9B7A56071C4F667700E6FC01 /* Info.plist */ = {isa = PBXFileReference; lastKnownFileType = text.plist.xml; path = Info.plist; sourceTree = "<group>"; };
		9B7A560D1C4F678400E6FC01 /* TSCountInteractorIO.swift */ = {isa = PBXFileReference; fileEncoding = 4; lastKnownFileType = sourcecode.swift; path = TSCountInteractorIO.swift; sourceTree = "<group>"; };
		9B7A560F1C4F684B00E6FC01 /* TSCountInteractor.swift */ = {isa = PBXFileReference; fileEncoding = 4; lastKnownFileType = sourcecode.swift; path = TSCountInteractor.swift; sourceTree = "<group>"; };
		9B7A56111C4F69CA00E6FC01 /* TSCountView.swift */ = {isa = PBXFileReference; fileEncoding = 4; lastKnownFileType = sourcecode.swift; path = TSCountView.swift; sourceTree = "<group>"; };
		9B7A56131C4F6A4900E6FC01 /* TSCountPresenter.swift */ = {isa = PBXFileReference; fileEncoding = 4; lastKnownFileType = sourcecode.swift; path = TSCountPresenter.swift; sourceTree = "<group>"; };
/* End PBXFileReference section */

/* Begin PBXFrameworksBuildPhase section */
		9B7A55F51C4F667600E6FC01 /* Frameworks */ = {
			isa = PBXFrameworksBuildPhase;
			buildActionMask = 2147483647;
			files = (
			);
			runOnlyForDeploymentPostprocessing = 0;
		};
/* End PBXFrameworksBuildPhase section */

/* Begin PBXGroup section */
		9B7A55EF1C4F667600E6FC01 = {
			isa = PBXGroup;
			children = (
				9B7A55FA1C4F667600E6FC01 /* TSVIPER_Model */,
				9B7A55F91C4F667600E6FC01 /* Products */,
			);
			sourceTree = "<group>";
		};
		9B7A55F91C4F667600E6FC01 /* Products */ = {
			isa = PBXGroup;
			children = (
				9B7A55F81C4F667600E6FC01 /* TSVIPER_Model.app */,
			);
			name = Products;
			sourceTree = "<group>";
		};
		9B7A55FA1C4F667600E6FC01 /* TSVIPER_Model */ = {
			isa = PBXGroup;
			children = (
				9B7A55FB1C4F667700E6FC01 /* AppDelegate.swift */,
				9B7A55FD1C4F667700E6FC01 /* ViewController.swift */,
				9B7A560D1C4F678400E6FC01 /* TSCountInteractorIO.swift */,
				9B7A560F1C4F684B00E6FC01 /* TSCountInteractor.swift */,
				9B7A56111C4F69CA00E6FC01 /* TSCountView.swift */,
				9B7A56131C4F6A4900E6FC01 /* TSCountPresenter.swift */,
				9B7A56021C4F667700E6FC01 /* Assets.xcassets */,
				9B7A56041C4F667700E6FC01 /* LaunchScreen.storyboard */,
				9B7A56071C4F667700E6FC01 /* Info.plist */,
			);
			path = TSVIPER_Model;
			sourceTree = "<group>";
		};
/* End PBXGroup section */

/* Begin PBXNativeTarget section */
		9B7A55F71C4F667600E6FC01 /* TSVIPER_Model */ = {
			isa = PBXNativeTarget;
			buildConfigurationList = 9B7A560A1C4F667700E6FC01 /* Build configuration list for PBXNativeTarget "TSVIPER_Model" */;
			buildPhases = (
				9B7A55F41C4F667600E6FC01 /* Sources */,
				9B7A55F51C4F667600E6FC01 /* Frameworks */,
				9B7A55F61C4F667600E6FC01 /* Resources */,
			);
			buildRules = (
			);
			dependencies = (
			);
			name = TSVIPER_Model;
			productName = TSVIPER_Model;
			productReference = 9B7A55F81C4F667600E6FC01 /* TSVIPER_Model.app */;
			productType = "com.apple.product-type.application";
		};
/* End PBXNativeTarget section */

/* Begin PBXProject section */
		9B7A55F01C4F667600E6FC01 /* Project object */ = {
			isa = PBXProject;
			attributes = {
				LastSwiftUpdateCheck = 0720;
				LastUpgradeCheck = 0720;
				ORGANIZATIONNAME = tarena;
				TargetAttributes = {
					9B7A55F71C4F667600E6FC01 = {
						CreatedOnToolsVersion = 7.2;
						DevelopmentTeam = 4F5DLT74B2;
					};
				};
			};
			buildConfigurationList = 9B7A55F31C4F667600E6FC01 /* Build configuration list for PBXProject "TSVIPER_Model" */;
			compatibilityVersion = "Xcode 3.2";
			developmentRegion = English;
			hasScannedForEncodings = 0;
			knownRegions = (
				en,
				Base,
			);
			mainGroup = 9B7A55EF1C4F667600E6FC01;
			productRefGroup = 9B7A55F91C4F667600E6FC01 /* Products */;
			projectDirPath = "";
			projectRoot = "";
			targets = (
				9B7A55F71C4F667600E6FC01 /* TSVIPER_Model */,
			);
		};
/* End PBXProject section */

/* Begin PBXResourcesBuildPhase section */
		9B7A55F61C4F667600E6FC01 /* Resources */ = {
			isa = PBXResourcesBuildPhase;
			buildActionMask = 2147483647;
			files = (
				9B7A56061C4F667700E6FC01 /* LaunchScreen.storyboard in Resources */,
				9B7A56031C4F667700E6FC01 /* Assets.xcassets in Resources */,
			);
			runOnlyForDeploymentPostprocessing = 0;
		};
/* End PBXResourcesBuildPhase section */

/* Begin PBXSourcesBuildPhase section */
		9B7A55F41C4F667600E6FC01 /* Sources */ = {
			isa = PBXSourcesBuildPhase;
			buildActionMask = 2147483647;
			files = (
				9B7A56121C4F69CA00E6FC01 /* TSCountView.swift in Sources */,
				9B7A56141C4F6A4900E6FC01 /* TSCountPresenter.swift in Sources */,
				9B7A55FE1C4F667700E6FC01 /* ViewController.swift in Sources */,
				9B7A56101C4F684B00E6FC01 /* TSCountInteractor.swift in Sources */,
				9B7A55FC1C4F667700E6FC01 /* AppDelegate.swift in Sources */,
				9B7A560E1C4F678400E6FC01 /* TSCountInteractorIO.swift in Sources */,
			);
			runOnlyForDeploymentPostprocessing = 0;
		};
/* End PBXSourcesBuildPhase section */

/* Begin PBXVariantGroup section */
		9B7A56041C4F667700E6FC01 /* LaunchScreen.storyboard */ = {
			isa = PBXVariantGroup;
			children = (
				9B7A56051C4F667700E6FC01 /* Base */,
			);
			name = LaunchScreen.storyboard;
			sourceTree = "<group>";
		};
/* End PBXVariantGroup section */

/* Begin XCBuildConfiguration section */
		9B7A56081C4F667700E6FC01 /* Debug */ = {
			isa = XCBuildConfiguration;
			buildSettings = {
				ALWAYS_SEARCH_USER_PATHS = NO;
				CLANG_CXX_LANGUAGE_STANDARD = "gnu++0x";
				CLANG_CXX_LIBRARY = "libc++";
				CLANG_ENABLE_MODULES = YES;
				CLANG_ENABLE_OBJC_ARC = YES;
				CLANG_WARN_BOOL_CONVERSION = YES;
				CLANG_WARN_CONSTANT_CONVERSION = YES;
				CLANG_WARN_DIRECT_OBJC_ISA_USAGE = YES_ERROR;
				CLANG_WARN_EMPTY_BODY = YES;
				CLANG_WARN_ENUM_CONVERSION = YES;
				CLANG_WARN_INT_CONVERSION = YES;
				CLANG_WARN_OBJC_ROOT_CLASS = YES_ERROR;
				CLANG_WARN_UNREACHABLE_CODE = YES;
				CLANG_WARN__DUPLICATE_METHOD_MATCH = YES;
				"CODE_SIGN_IDENTITY[sdk=iphoneos*]" = "iPhone Developer";
				COPY_PHASE_STRIP = NO;
				DEBUG_INFORMATION_FORMAT = dwarf;
				ENABLE_STRICT_OBJC_MSGSEND = YES;
				ENABLE_TESTABILITY = YES;
				GCC_C_LANGUAGE_STANDARD = gnu99;
				GCC_DYNAMIC_NO_PIC = NO;
				GCC_NO_COMMON_BLOCKS = YES;
				GCC_OPTIMIZATION_LEVEL = 0;
				GCC_PREPROCESSOR_DEFINITIONS = (
					"DEBUG=1",
					"$(inherited)",
				);
				GCC_WARN_64_TO_32_BIT_CONVERSION = YES;
				GCC_WARN_ABOUT_RETURN_TYPE = YES_ERROR;
				GCC_WARN_UNDECLARED_SELECTOR = YES;
				GCC_WARN_UNINITIALIZED_AUTOS = YES_AGGRESSIVE;
				GCC_WARN_UNUSED_FUNCTION = YES;
				GCC_WARN_UNUSED_VARIABLE = YES;
				IPHONEOS_DEPLOYMENT_TARGET = 9.2;
				MTL_ENABLE_DEBUG_INFO = YES;
				ONLY_ACTIVE_ARCH = YES;
				SDKROOT = iphoneos;
				SWIFT_OPTIMIZATION_LEVEL = "-Onone";
			};
			name = Debug;
		};
		9B7A56091C4F667700E6FC01 /* Release */ = {
			isa = XCBuildConfiguration;
			buildSettings = {
				ALWAYS_SEARCH_USER_PATHS = NO;
				CLANG_CXX_LANGUAGE_STANDARD = "gnu++0x";
				CLANG_CXX_LIBRARY = "libc++";
				CLANG_ENABLE_MODULES = YES;
				CLANG_ENABLE_OBJC_ARC = YES;
				CLANG_WARN_BOOL_CONVERSION = YES;
				CLANG_WARN_CONSTANT_CONVERSION = YES;
				CLANG_WARN_DIRECT_OBJC_ISA_USAGE = YES_ERROR;
				CLANG_WARN_EMPTY_BODY = YES;
				CLANG_WARN_ENUM_CONVERSION = YES;
				CLANG_WARN_INT_CONVERSION = YES;
				CLANG_WARN_OBJC_ROOT_CLASS = YES_ERROR;
				CLANG_WARN_UNREACHABLE_CODE = YES;
				CLANG_WARN__DUPLICATE_METHOD_MATCH = YES;
				"CODE_SIGN_IDENTITY[sdk=iphoneos*]" = "iPhone Developer";
				COPY_PHASE_STRIP = NO;
				DEBUG_INFORMATION_FORMAT = "dwarf-with-dsym";
				ENABLE_NS_ASSERTIONS = NO;
				ENABLE_STRICT_OBJC_MSGSEND = YES;
				GCC_C_LANGUAGE_STANDARD = gnu99;
				GCC_NO_COMMON_BLOCKS = YES;
				GCC_WARN_64_TO_32_BIT_CONVERSION = YES;
				GCC_WARN_ABOUT_RETURN_TYPE = YES_ERROR;
				GCC_WARN_UNDECLARED_SELECTOR = YES;
				GCC_WARN_UNINITIALIZED_AUTOS = YES_AGGRESSIVE;
				GCC_WARN_UNUSED_FUNCTION = YES;
				GCC_WARN_UNUSED_VARIABLE = YES;
				IPHONEOS_DEPLOYMENT_TARGET = 9.2;
				MTL_ENABLE_DEBUG_INFO = NO;
				SDKROOT = iphoneos;
				VALIDATE_PRODUCT = YES;
			};
			name = Release;
		};
		9B7A560B1C4F667700E6FC01 /* Debug */ = {
			isa = XCBuildConfiguration;
			buildSettings = {
				ASSETCATALOG_COMPILER_APPICON_NAME = AppIcon;
				INFOPLIST_FILE = TSVIPER_Model/Info.plist;
				LD_RUNPATH_SEARCH_PATHS = "$(inherited) @executable_path/Frameworks";
				PRODUCT_BUNDLE_IDENTIFIER = "tarena.com.cn.TSVIPER-Model";
				PRODUCT_NAME = "$(TARGET_NAME)";
			};
			name = Debug;
		};
		9B7A560C1C4F667700E6FC01 /* Release */ = {
			isa = XCBuildConfiguration;
			buildSettings = {
				ASSETCATALOG_COMPILER_APPICON_NAME = AppIcon;
				INFOPLIST_FILE = TSVIPER_Model/Info.plist;
				LD_RUNPATH_SEARCH_PATHS = "$(inherited) @executable_path/Frameworks";
				PRODUCT_BUNDLE_IDENTIFIER = "tarena.com.cn.TSVIPER-Model";
				PRODUCT_NAME = "$(TARGET_NAME)";
			};
			name = Release;
		};
/* End XCBuildConfiguration section */

/* Begin XCConfigurationList section */
		9B7A55F31C4F667600E6FC01 /* Build configuration list for PBXProject "TSVIPER_Model" */ = {
			isa = XCConfigurationList;
			buildConfigurations = (
				9B7A56081C4F667700E6FC01 /* Debug */,
				9B7A56091C4F667700E6FC01 /* Release */,
			);
			defaultConfigurationIsVisible = 0;
			defaultConfigurationName = Release;
		};
		9B7A560A1C4F667700E6FC01 /* Build configuration list for PBXNativeTarget "TSVIPER_Model" */ = {
			isa = XCConfigurationList;
			buildConfigurations = (
				9B7A560B1C4F667700E6FC01 /* Debug */,
				9B7A560C1C4F667700E6FC01 /* Release */,
			);
			defaultConfigurationIsVisible = 0;
		};
/* End XCConfigurationList section */
	};
	rootObject = 9B7A55F01C4F667600E6FC01 /* Project object */;
}
